{
  "object": {
    "pins": [
      {
        "package": "IsCameraOn",
        "repositoryURL": "https://github.com/sindresorhus/is-camera-on",
        "state": {
          "branch": null,
          "revision": "dee6e81e863efe717e7a5149db53df760a311320",
          "version": "2.0.2"
        }
      }
    ]
  },
  "version": 1
}
